{
  "version": 1,
  "dependencies": {
    "net6.0": {
      "Serilog": {
        "type": "Transitive",
        "resolved": "2.12.0",
        "contentHash": "xaiJLIdu6rYMKfQMYUZgTy8YK7SMZjB4Yk50C/u//Z4OsvxkUfSPJy4nknfvwAC34yr13q7kcyh4grbwhSxyZg=="
      },
      "one": {
        "type": "Project",
        "dependencies": {
          "Serilog": "[2.12.0, )"
        }
      }
    }
  }
}