
Microsoft Visual Studio Solution File, Format Version 12.00
# Visual Studio Version 17
VisualStudioVersion = 17.0.31903.59
MinimumVisualStudioVersion = 10.0.40219.1
Project("{FAE04EC0-301F-11D3-BF4B-00C04F79EFBC}") = "one", "one\one.csproj", "{33B3D441-15FD-4B89-8445-57BD543A46EC}"
EndProject
Project("{FAE04EC0-301F-11D3-BF4B-00C04F79EFBC}") = "two", "two\two.csproj", "{0099BC46-0B05-46E1-8BE5-A157AC54997A}"
EndProject
Global
	GlobalSection(SolutionConfigurationPlatforms) = preSolution
		Debug|Any CPU = Debug|Any CPU
		Release|Any CPU = Release|Any CPU
	EndGlobalSection
	GlobalSection(SolutionProperties) = preSolution
		HideSolutionNode = FALSE
	EndGlobalSection
	GlobalSection(ProjectConfigurationPlatforms) = postSolution
		{33B3D441-15FD-4B89-8445-57BD543A46EC}.Debug|Any CPU.ActiveCfg = Debug|Any CPU
		{33B3D441-15FD-4B89-8445-57BD543A46EC}.Debug|Any CPU.Build.0 = Debug|Any CPU
		{33B3D441-15FD-4B89-8445-57BD543A46EC}.Release|Any CPU.ActiveCfg = Release|Any CPU
		{33B3D441-15FD-4B89-8445-57BD543A46EC}.Release|Any CPU.Build.0 = Release|Any CPU
		{0099BC46-0B05-46E1-8BE5-A157AC54997A}.Debug|Any CPU.ActiveCfg = Debug|Any CPU
		{0099BC46-0B05-46E1-8BE5-A157AC54997A}.Debug|Any CPU.Build.0 = Debug|Any CPU
		{0099BC46-0B05-46E1-8BE5-A157AC54997A}.Release|Any CPU.ActiveCfg = Release|Any CPU
		{0099BC46-0B05-46E1-8BE5-A157AC54997A}.Release|Any CPU.Build.0 = Release|Any CPU
	EndGlobalSection
EndGlobal
